
Microsoft Visual Studio Solution File, Format Version 12.00
# Visual Studio Version 17
VisualStudioVersion = 17.7.34024.191
MinimumVisualStudioVersion = 10.0.40219.1
Project("{FAE04EC0-301F-11D3-BF4B-00C04F79EFBC}") = "Blog_Management_System", "Blog_Management_System\Blog_Management_System.csproj", "{F1902C64-2118-4E22-A865-E5D38D053256}"
EndProject
Global
	GlobalSection(SolutionConfigurationPlatforms) = preSolution
		Debug|Any CPU = Debug|Any CPU
		Release|Any CPU = Release|Any CPU
	EndGlobalSection
	GlobalSection(ProjectConfigurationPlatforms) = postSolution
		{F1902C64-2118-4E22-A865-E5D38D053256}.Debug|Any CPU.ActiveCfg = Debug|Any CPU
		{F1902C64-2118-4E22-A865-E5D38D053256}.Debug|Any CPU.Build.0 = Debug|Any CPU
		{F1902C64-2118-4E22-A865-E5D38D053256}.Release|Any CPU.ActiveCfg = Release|Any CPU
		{F1902C64-2118-4E22-A865-E5D38D053256}.Release|Any CPU.Build.0 = Release|Any CPU
	EndGlobalSection
	GlobalSection(SolutionProperties) = preSolution
		HideSolutionNode = FALSE
	EndGlobalSection
	GlobalSection(ExtensibilityGlobals) = postSolution
		SolutionGuid = {59C88807-2C7C-408A-909B-2AF5910E503A}
	EndGlobalSection
EndGlobal
